
Microsoft Visual Studio Solution File, Format Version 12.00
# Visual Studio Version 17
VisualStudioVersion = 17.14.36915.13
MinimumVisualStudioVersion = 10.0.40219.1
Project("{FAE04EC0-301F-11D3-BF4B-00C04F79EFBC}") = "OptimistClub_SoccerRegistration", "OptimistClub_SoccerRegistration\OptimistClub_SoccerRegistration.csproj", "{3487944A-AA50-4BD7-9BA3-A42BFDF9F444}"
EndProject
Project("{FAE04EC0-301F-11D3-BF4B-00C04F79EFBC}") = "OptimistClub_SoccerRegistration.Client", "OptimistClub_SoccerRegistration.Client\OptimistClub_SoccerRegistration.Client.csproj", "{106C0BA8-7E86-40E4-A368-BAC16CC38F3B}"
EndProject
Global
	GlobalSection(SolutionConfigurationPlatforms) = preSolution
		Debug|Any CPU = Debug|Any CPU
		Release|Any CPU = Release|Any CPU
	EndGlobalSection
	GlobalSection(ProjectConfigurationPlatforms) = postSolution
		{3487944A-AA50-4BD7-9BA3-A42BFDF9F444}.Debug|Any CPU.ActiveCfg = Debug|Any CPU
		{3487944A-AA50-4BD7-9BA3-A42BFDF9F444}.Debug|Any CPU.Build.0 = Debug|Any CPU
		{3487944A-AA50-4BD7-9BA3-A42BFDF9F444}.Release|Any CPU.ActiveCfg = Release|Any CPU
		{3487944A-AA50-4BD7-9BA3-A42BFDF9F444}.Release|Any CPU.Build.0 = Release|Any CPU
		{106C0BA8-7E86-40E4-A368-BAC16CC38F3B}.Debug|Any CPU.ActiveCfg = Debug|Any CPU
		{106C0BA8-7E86-40E4-A368-BAC16CC38F3B}.Debug|Any CPU.Build.0 = Debug|Any CPU
		{106C0BA8-7E86-40E4-A368-BAC16CC38F3B}.Release|Any CPU.ActiveCfg = Release|Any CPU
		{106C0BA8-7E86-40E4-A368-BAC16CC38F3B}.Release|Any CPU.Build.0 = Release|Any CPU
	EndGlobalSection
	GlobalSection(SolutionProperties) = preSolution
		HideSolutionNode = FALSE
	EndGlobalSection
	GlobalSection(ExtensibilityGlobals) = postSolution
		SolutionGuid = {8F738702-1628-40BB-88BF-CE6B100EFDCF}
	EndGlobalSection
EndGlobal
